
Microsoft Visual Studio Solution File, Format Version 12.00
# Visual Studio Version 16
VisualStudioVersion = 16.0.31321.278
MinimumVisualStudioVersion = 10.0.40219.1
Project("{9A19103F-16F7-4668-BE54-9A1E7A4F7556}") = "MyStore.ConsoleApp", "MyStore.ConsoleApp\MyStore.ConsoleApp.csproj", "{52F7DD9A-8CEB-4519-BACF-1D79BE499A38}"
EndProject
Project("{9A19103F-16F7-4668-BE54-9A1E7A4F7556}") = "MyStore.Domain", "MyStore.Domain\MyStore.Domain.csproj", "{006A9205-C604-4738-9339-0E3F6A0ACF03}"
EndProject
Project("{9A19103F-16F7-4668-BE54-9A1E7A4F7556}") = "MyStore.Repository", "MyStore.Repository\MyStore.Repository.csproj", "{913051B9-EB0B-4C56-B19E-EE1B442706F4}"
EndProject
Project("{9A19103F-16F7-4668-BE54-9A1E7A4F7556}") = "MyStore.Config", "MyStore.Config\MyStore.Config.csproj", "{38473233-B087-4BFF-BD72-DD1456881687}"
EndProject
Project("{2150E333-8FDC-42A3-9474-1A3956D46DE8}") = "Addons", "Addons", "{57084F5B-EE90-4D2F-B1B5-8EF3590D10B4}"
EndProject
Project("{9A19103F-16F7-4668-BE54-9A1E7A4F7556}") = "FormExtensions", "FormExtensions\FormExtensions.csproj", "{E7DE09AB-C338-430E-9033-E1DD568D626A}"
EndProject
Project("{FAE04EC0-301F-11D3-BF4B-00C04F79EFBC}") = "MyStore.WinApp", "MyStore.WinApp\MyStore.WinApp.csproj", "{7181CD31-6F73-4EAE-9F86-B0EC013D3C7A}"
EndProject
Global
	GlobalSection(SolutionConfigurationPlatforms) = preSolution
		Debug|Any CPU = Debug|Any CPU
		Release|Any CPU = Release|Any CPU
	EndGlobalSection
	GlobalSection(ProjectConfigurationPlatforms) = postSolution
		{52F7DD9A-8CEB-4519-BACF-1D79BE499A38}.Debug|Any CPU.ActiveCfg = Debug|Any CPU
		{52F7DD9A-8CEB-4519-BACF-1D79BE499A38}.Debug|Any CPU.Build.0 = Debug|Any CPU
		{52F7DD9A-8CEB-4519-BACF-1D79BE499A38}.Release|Any CPU.ActiveCfg = Release|Any CPU
		{52F7DD9A-8CEB-4519-BACF-1D79BE499A38}.Release|Any CPU.Build.0 = Release|Any CPU
		{006A9205-C604-4738-9339-0E3F6A0ACF03}.Debug|Any CPU.ActiveCfg = Debug|Any CPU
		{006A9205-C604-4738-9339-0E3F6A0ACF03}.Debug|Any CPU.Build.0 = Debug|Any CPU
		{006A9205-C604-4738-9339-0E3F6A0ACF03}.Release|Any CPU.ActiveCfg = Release|Any CPU
		{006A9205-C604-4738-9339-0E3F6A0ACF03}.Release|Any CPU.Build.0 = Release|Any CPU
		{913051B9-EB0B-4C56-B19E-EE1B442706F4}.Debug|Any CPU.ActiveCfg = Debug|Any CPU
		{913051B9-EB0B-4C56-B19E-EE1B442706F4}.Debug|Any CPU.Build.0 = Debug|Any CPU
		{913051B9-EB0B-4C56-B19E-EE1B442706F4}.Release|Any CPU.ActiveCfg = Release|Any CPU
		{913051B9-EB0B-4C56-B19E-EE1B442706F4}.Release|Any CPU.Build.0 = Release|Any CPU
		{38473233-B087-4BFF-BD72-DD1456881687}.Debug|Any CPU.ActiveCfg = Debug|Any CPU
		{38473233-B087-4BFF-BD72-DD1456881687}.Debug|Any CPU.Build.0 = Debug|Any CPU
		{38473233-B087-4BFF-BD72-DD1456881687}.Release|Any CPU.ActiveCfg = Release|Any CPU
		{38473233-B087-4BFF-BD72-DD1456881687}.Release|Any CPU.Build.0 = Release|Any CPU
		{E7DE09AB-C338-430E-9033-E1DD568D626A}.Debug|Any CPU.ActiveCfg = Debug|Any CPU
		{E7DE09AB-C338-430E-9033-E1DD568D626A}.Debug|Any CPU.Build.0 = Debug|Any CPU
		{E7DE09AB-C338-430E-9033-E1DD568D626A}.Release|Any CPU.ActiveCfg = Release|Any CPU
		{E7DE09AB-C338-430E-9033-E1DD568D626A}.Release|Any CPU.Build.0 = Release|Any CPU
		{7181CD31-6F73-4EAE-9F86-B0EC013D3C7A}.Debug|Any CPU.ActiveCfg = Debug|Any CPU
		{7181CD31-6F73-4EAE-9F86-B0EC013D3C7A}.Debug|Any CPU.Build.0 = Debug|Any CPU
		{7181CD31-6F73-4EAE-9F86-B0EC013D3C7A}.Release|Any CPU.ActiveCfg = Release|Any CPU
		{7181CD31-6F73-4EAE-9F86-B0EC013D3C7A}.Release|Any CPU.Build.0 = Release|Any CPU
	EndGlobalSection
	GlobalSection(SolutionProperties) = preSolution
		HideSolutionNode = FALSE
	EndGlobalSection
	GlobalSection(NestedProjects) = preSolution
		{E7DE09AB-C338-430E-9033-E1DD568D626A} = {57084F5B-EE90-4D2F-B1B5-8EF3590D10B4}
	EndGlobalSection
	GlobalSection(ExtensibilityGlobals) = postSolution
		SolutionGuid = {5ACE41A9-ADFE-4FF9-8AE8-43F916CFA838}
	EndGlobalSection
EndGlobal
